// !$*UTF8*$!
{
	archiveVersion = 1;
	classes = {
	};
	objectVersion = 55;
	objects = {

/* Begin PBXBuildFile section */
		6205355927F7636000B86B6E /* AppDelegate.swift in Sources */ = {isa = PBXBuildFile; fileRef = 6205355827F7636000B86B6E /* AppDelegate.swift */; };
		6205355B27F7636000B86B6E /* SceneDelegate.swift in Sources */ = {isa = PBXBuildFile; fileRef = 6205355A27F7636000B86B6E /* SceneDelegate.swift */; };
		6205356227F7636100B86B6E /* Icon.xcassets in Resources */ = {isa = PBXBuildFile; fileRef = 6205356127F7636100B86B6E /* Icon.xcassets */; };
		6205356527F7636100B86B6E /* LaunchScreen.storyboard in Resources */ = {isa = PBXBuildFile; fileRef = 6205356327F7636100B86B6E /* LaunchScreen.storyboard */; };
		6205357027F7636100B86B6E /* WeatherAppTests.swift in Sources */ = {isa = PBXBuildFile; fileRef = 6205356F27F7636100B86B6E /* WeatherAppTests.swift */; };
		6205357A27F7636100B86B6E /* WeatherAppUITests.swift in Sources */ = {isa = PBXBuildFile; fileRef = 6205357927F7636100B86B6E /* WeatherAppUITests.swift */; };
		6205357C27F7636100B86B6E /* WeatherAppUITestsLaunchTests.swift in Sources */ = {isa = PBXBuildFile; fileRef = 6205357B27F7636100B86B6E /* WeatherAppUITestsLaunchTests.swift */; };
		6205358A27F8316C00B86B6E /* Coordinator.swift in Sources */ = {isa = PBXBuildFile; fileRef = 6205358927F8316C00B86B6E /* Coordinator.swift */; };
		62233D7D27F9FEBB0029358A /* WAFont.swift in Sources */ = {isa = PBXBuildFile; fileRef = 62233D7C27F9FEBB0029358A /* WAFont.swift */; };
		62233D8127FA04630029358A /* WACImageLabel.swift in Sources */ = {isa = PBXBuildFile; fileRef = 62233D8027FA04630029358A /* WACImageLabel.swift */; };
		62233D8627FA12DE0029358A /* UICollectionViewCell.swift in Sources */ = {isa = PBXBuildFile; fileRef = 62233D8527FA12DE0029358A /* UICollectionViewCell.swift */; };
		623BE25427F874A70043677A /* WAGradientView.swift in Sources */ = {isa = PBXBuildFile; fileRef = 623BE25327F874A70043677A /* WAGradientView.swift */; };
		623BE25627F874E70043677A /* WAConstant.swift in Sources */ = {isa = PBXBuildFile; fileRef = 623BE25527F874E70043677A /* WAConstant.swift */; };
		623BE25A27F87C5F0043677A /* Image.xcassets in Resources */ = {isa = PBXBuildFile; fileRef = 623BE25927F87C5F0043677A /* Image.xcassets */; };
		623BE25D27F87D440043677A /* Color.xcassets in Resources */ = {isa = PBXBuildFile; fileRef = 623BE25C27F87D440043677A /* Color.xcassets */; };
		623BE25F27F87EA50043677A /* Localizable.strings in Resources */ = {isa = PBXBuildFile; fileRef = 623BE26127F87EA50043677A /* Localizable.strings */; };
		623BE26427F87EDC0043677A /* Assets.swift in Sources */ = {isa = PBXBuildFile; fileRef = 623BE26227F87EDC0043677A /* Assets.swift */; };
		623BE26527F87EDC0043677A /* Localized.swift in Sources */ = {isa = PBXBuildFile; fileRef = 623BE26327F87EDC0043677A /* Localized.swift */; };
		623BE26727F87F820043677A /* Assets+System.swift in Sources */ = {isa = PBXBuildFile; fileRef = 623BE26627F87F820043677A /* Assets+System.swift */; };
		6275AC8927F83C88001EB1AA /* MainCoordinator.swift in Sources */ = {isa = PBXBuildFile; fileRef = 6275AC8827F83C88001EB1AA /* MainCoordinator.swift */; };
		6275AC8B27F83C91001EB1AA /* TabBarCoordinator.swift in Sources */ = {isa = PBXBuildFile; fileRef = 6275AC8A27F83C91001EB1AA /* TabBarCoordinator.swift */; };
		6275AC8D27F83C9B001EB1AA /* WeatherCoordinator.swift in Sources */ = {isa = PBXBuildFile; fileRef = 6275AC8C27F83C9B001EB1AA /* WeatherCoordinator.swift */; };
		6275AC8F27F83CA1001EB1AA /* LocationCoordinator.swift in Sources */ = {isa = PBXBuildFile; fileRef = 6275AC8E27F83CA1001EB1AA /* LocationCoordinator.swift */; };
		6275AC9427F85B21001EB1AA /* SnapKit in Frameworks */ = {isa = PBXBuildFile; productRef = 6275AC9327F85B21001EB1AA /* SnapKit */; };
		6275ACBF27F85FCF001EB1AA /* WAScrollViewController.swift in Sources */ = {isa = PBXBuildFile; fileRef = 6275ACBE27F85FCF001EB1AA /* WAScrollViewController.swift */; };
		6275ACC127F86053001EB1AA /* WeatherViewController.swift in Sources */ = {isa = PBXBuildFile; fileRef = 6275ACC027F86053001EB1AA /* WeatherViewController.swift */; };
		6275ACC327F871F6001EB1AA /* LocationViewController.swift in Sources */ = {isa = PBXBuildFile; fileRef = 6275ACC227F871F6001EB1AA /* LocationViewController.swift */; };
/* End PBXBuildFile section */

/* Begin PBXContainerItemProxy section */
		6205356C27F7636100B86B6E /* PBXContainerItemProxy */ = {
			isa = PBXContainerItemProxy;
			containerPortal = 6205354D27F7636000B86B6E /* Project object */;
			proxyType = 1;
			remoteGlobalIDString = 6205355427F7636000B86B6E;
			remoteInfo = WeatherApp;
		};
		6205357627F7636100B86B6E /* PBXContainerItemProxy */ = {
			isa = PBXContainerItemProxy;
			containerPortal = 6205354D27F7636000B86B6E /* Project object */;
			proxyType = 1;
			remoteGlobalIDString = 6205355427F7636000B86B6E;
			remoteInfo = WeatherApp;
		};
/* End PBXContainerItemProxy section */

/* Begin PBXFileReference section */
		6205355527F7636000B86B6E /* WeatherApp.app */ = {isa = PBXFileReference; explicitFileType = wrapper.application; includeInIndex = 0; path = WeatherApp.app; sourceTree = BUILT_PRODUCTS_DIR; };
		6205355827F7636000B86B6E /* AppDelegate.swift */ = {isa = PBXFileReference; lastKnownFileType = sourcecode.swift; path = AppDelegate.swift; sourceTree = "<group>"; };
		6205355A27F7636000B86B6E /* SceneDelegate.swift */ = {isa = PBXFileReference; lastKnownFileType = sourcecode.swift; path = SceneDelegate.swift; sourceTree = "<group>"; };
		6205356127F7636100B86B6E /* Icon.xcassets */ = {isa = PBXFileReference; lastKnownFileType = folder.assetcatalog; path = Icon.xcassets; sourceTree = "<group>"; };
		6205356427F7636100B86B6E /* Base */ = {isa = PBXFileReference; lastKnownFileType = file.storyboard; name = Base; path = Base.lproj/LaunchScreen.storyboard; sourceTree = "<group>"; };
		6205356627F7636100B86B6E /* Info.plist */ = {isa = PBXFileReference; lastKnownFileType = text.plist.xml; path = Info.plist; sourceTree = "<group>"; };
		6205356B27F7636100B86B6E /* WeatherAppTests.xctest */ = {isa = PBXFileReference; explicitFileType = wrapper.cfbundle; includeInIndex = 0; path = WeatherAppTests.xctest; sourceTree = BUILT_PRODUCTS_DIR; };
		6205356F27F7636100B86B6E /* WeatherAppTests.swift */ = {isa = PBXFileReference; lastKnownFileType = sourcecode.swift; path = WeatherAppTests.swift; sourceTree = "<group>"; };
		6205357527F7636100B86B6E /* WeatherAppUITests.xctest */ = {isa = PBXFileReference; explicitFileType = wrapper.cfbundle; includeInIndex = 0; path = WeatherAppUITests.xctest; sourceTree = BUILT_PRODUCTS_DIR; };
		6205357927F7636100B86B6E /* WeatherAppUITests.swift */ = {isa = PBXFileReference; lastKnownFileType = sourcecode.swift; path = WeatherAppUITests.swift; sourceTree = "<group>"; };
		6205357B27F7636100B86B6E /* WeatherAppUITestsLaunchTests.swift */ = {isa = PBXFileReference; lastKnownFileType = sourcecode.swift; path = WeatherAppUITestsLaunchTests.swift; sourceTree = "<group>"; };
		6205358927F8316C00B86B6E /* Coordinator.swift */ = {isa = PBXFileReference; lastKnownFileType = sourcecode.swift; path = Coordinator.swift; sourceTree = "<group>"; };
		62233D7C27F9FEBB0029358A /* WAFont.swift */ = {isa = PBXFileReference; lastKnownFileType = sourcecode.swift; path = WAFont.swift; sourceTree = "<group>"; };
		62233D8027FA04630029358A /* WACImageLabel.swift */ = {isa = PBXFileReference; lastKnownFileType = sourcecode.swift; path = WACImageLabel.swift; sourceTree = "<group>"; };
		62233D8527FA12DE0029358A /* UICollectionViewCell.swift */ = {isa = PBXFileReference; lastKnownFileType = sourcecode.swift; path = UICollectionViewCell.swift; sourceTree = "<group>"; };
		623BE25327F874A70043677A /* WAGradientView.swift */ = {isa = PBXFileReference; lastKnownFileType = sourcecode.swift; path = WAGradientView.swift; sourceTree = "<group>"; };
		623BE25527F874E70043677A /* WAConstant.swift */ = {isa = PBXFileReference; lastKnownFileType = sourcecode.swift; path = WAConstant.swift; sourceTree = "<group>"; };
		623BE25927F87C5F0043677A /* Image.xcassets */ = {isa = PBXFileReference; lastKnownFileType = folder.assetcatalog; path = Image.xcassets; sourceTree = "<group>"; };
		623BE25C27F87D440043677A /* Color.xcassets */ = {isa = PBXFileReference; lastKnownFileType = folder.assetcatalog; path = Color.xcassets; sourceTree = "<group>"; };
		623BE26027F87EA50043677A /* en */ = {isa = PBXFileReference; lastKnownFileType = text.plist.strings; name = en; path = en.lproj/Localizable.strings; sourceTree = "<group>"; };
		623BE26227F87EDC0043677A /* Assets.swift */ = {isa = PBXFileReference; fileEncoding = 4; lastKnownFileType = sourcecode.swift; path = Assets.swift; sourceTree = "<group>"; };
		623BE26327F87EDC0043677A /* Localized.swift */ = {isa = PBXFileReference; fileEncoding = 4; lastKnownFileType = sourcecode.swift; path = Localized.swift; sourceTree = "<group>"; };
		623BE26627F87F820043677A /* Assets+System.swift */ = {isa = PBXFileReference; lastKnownFileType = sourcecode.swift; path = "Assets+System.swift"; sourceTree = "<group>"; };
		6275AC8827F83C88001EB1AA /* MainCoordinator.swift */ = {isa = PBXFileReference; lastKnownFileType = sourcecode.swift; path = MainCoordinator.swift; sourceTree = "<group>"; };
		6275AC8A27F83C91001EB1AA /* TabBarCoordinator.swift */ = {isa = PBXFileReference; lastKnownFileType = sourcecode.swift; path = TabBarCoordinator.swift; sourceTree = "<group>"; };
		6275AC8C27F83C9B001EB1AA /* WeatherCoordinator.swift */ = {isa = PBXFileReference; lastKnownFileType = sourcecode.swift; path = WeatherCoordinator.swift; sourceTree = "<group>"; };
		6275AC8E27F83CA1001EB1AA /* LocationCoordinator.swift */ = {isa = PBXFileReference; lastKnownFileType = sourcecode.swift; path = LocationCoordinator.swift; sourceTree = "<group>"; };
		6275ACBE27F85FCF001EB1AA /* WAScrollViewController.swift */ = {isa = PBXFileReference; fileEncoding = 4; lastKnownFileType = sourcecode.swift; path = WAScrollViewController.swift; sourceTree = "<group>"; };
		6275ACC027F86053001EB1AA /* WeatherViewController.swift */ = {isa = PBXFileReference; lastKnownFileType = sourcecode.swift; path = WeatherViewController.swift; sourceTree = "<group>"; };
		6275ACC227F871F6001EB1AA /* LocationViewController.swift */ = {isa = PBXFileReference; lastKnownFileType = sourcecode.swift; path = LocationViewController.swift; sourceTree = "<group>"; };
/* End PBXFileReference section */

/* Begin PBXFrameworksBuildPhase section */
		6205355227F7636000B86B6E /* Frameworks */ = {
			isa = PBXFrameworksBuildPhase;
			buildActionMask = 2147483647;
			files = (
				6275AC9427F85B21001EB1AA /* SnapKit in Frameworks */,
			);
			runOnlyForDeploymentPostprocessing = 0;
		};
		6205356827F7636100B86B6E /* Frameworks */ = {
			isa = PBXFrameworksBuildPhase;
			buildActionMask = 2147483647;
			files = (
			);
			runOnlyForDeploymentPostprocessing = 0;
		};
		6205357227F7636100B86B6E /* Frameworks */ = {
			isa = PBXFrameworksBuildPhase;
			buildActionMask = 2147483647;
			files = (
			);
			runOnlyForDeploymentPostprocessing = 0;
		};
/* End PBXFrameworksBuildPhase section */

/* Begin PBXGroup section */
		6205354C27F7636000B86B6E = {
			isa = PBXGroup;
			children = (
				6205355727F7636000B86B6E /* WeatherApp */,
				6205356E27F7636100B86B6E /* WeatherAppTests */,
				6205357827F7636100B86B6E /* WeatherAppUITests */,
				6205355627F7636000B86B6E /* Products */,
			);
			sourceTree = "<group>";
		};
		6205355627F7636000B86B6E /* Products */ = {
			isa = PBXGroup;
			children = (
				6205355527F7636000B86B6E /* WeatherApp.app */,
				6205356B27F7636100B86B6E /* WeatherAppTests.xctest */,
				6205357527F7636100B86B6E /* WeatherAppUITests.xctest */,
			);
			name = Products;
			sourceTree = "<group>";
		};
		6205355727F7636000B86B6E /* WeatherApp */ = {
			isa = PBXGroup;
			children = (
				6205356627F7636100B86B6E /* Info.plist */,
				6275ACC227F871F6001EB1AA /* LocationViewController.swift */,
				6275ACC027F86053001EB1AA /* WeatherViewController.swift */,
				623BE25B27F87C670043677A /* Assets */,
				6275AC9027F83E10001EB1AA /* Coordinators */,
				623BE25E27F87DDF0043677A /* Resources */,
				6275AC9127F83E22001EB1AA /* Supports */,
				6275ACC427F87349001EB1AA /* UIKit */,
				62233D8227FA04830029358A /* UIComponents */,
				62233D8727FA12E20029358A /* Extensions */,
			);
			path = WeatherApp;
			sourceTree = "<group>";
		};
		6205356E27F7636100B86B6E /* WeatherAppTests */ = {
			isa = PBXGroup;
			children = (
				6205356F27F7636100B86B6E /* WeatherAppTests.swift */,
			);
			path = WeatherAppTests;
			sourceTree = "<group>";
		};
		6205357827F7636100B86B6E /* WeatherAppUITests */ = {
			isa = PBXGroup;
			children = (
				6205357927F7636100B86B6E /* WeatherAppUITests.swift */,
				6205357B27F7636100B86B6E /* WeatherAppUITestsLaunchTests.swift */,
			);
			path = WeatherAppUITests;
			sourceTree = "<group>";
		};
		62233D8227FA04830029358A /* UIComponents */ = {
			isa = PBXGroup;
			children = (
				62233D8027FA04630029358A /* WACImageLabel.swift */,
			);
			path = UIComponents;
			sourceTree = "<group>";
		};
		62233D8727FA12E20029358A /* Extensions */ = {
			isa = PBXGroup;
			children = (
				62233D8527FA12DE0029358A /* UICollectionViewCell.swift */,
			);
			path = Extensions;
			sourceTree = "<group>";
		};
		623BE25B27F87C670043677A /* Assets */ = {
			isa = PBXGroup;
			children = (
				623BE26127F87EA50043677A /* Localizable.strings */,
				623BE25C27F87D440043677A /* Color.xcassets */,
				6205356127F7636100B86B6E /* Icon.xcassets */,
				623BE25927F87C5F0043677A /* Image.xcassets */,
			);
			path = Assets;
			sourceTree = "<group>";
		};
		623BE25E27F87DDF0043677A /* Resources */ = {
			isa = PBXGroup;
			children = (
				623BE26227F87EDC0043677A /* Assets.swift */,
				623BE26627F87F820043677A /* Assets+System.swift */,
				623BE26327F87EDC0043677A /* Localized.swift */,
			);
			path = Resources;
			sourceTree = "<group>";
		};
		6275AC9027F83E10001EB1AA /* Coordinators */ = {
			isa = PBXGroup;
			children = (
				6205358927F8316C00B86B6E /* Coordinator.swift */,
				6275AC8E27F83CA1001EB1AA /* LocationCoordinator.swift */,
				6275AC8C27F83C9B001EB1AA /* WeatherCoordinator.swift */,
				6275AC8A27F83C91001EB1AA /* TabBarCoordinator.swift */,
				6275AC8827F83C88001EB1AA /* MainCoordinator.swift */,
			);
			path = Coordinators;
			sourceTree = "<group>";
		};
		6275AC9127F83E22001EB1AA /* Supports */ = {
			isa = PBXGroup;
			children = (
				6205355827F7636000B86B6E /* AppDelegate.swift */,
				6205355A27F7636000B86B6E /* SceneDelegate.swift */,
				6205356327F7636100B86B6E /* LaunchScreen.storyboard */,
			);
			path = Supports;
			sourceTree = "<group>";
		};
		6275ACC427F87349001EB1AA /* UIKit */ = {
			isa = PBXGroup;
			children = (
				6275ACBE27F85FCF001EB1AA /* WAScrollViewController.swift */,
				623BE25327F874A70043677A /* WAGradientView.swift */,
				623BE25527F874E70043677A /* WAConstant.swift */,
				62233D7C27F9FEBB0029358A /* WAFont.swift */,
			);
			path = UIKit;
			sourceTree = "<group>";
		};
/* End PBXGroup section */

/* Begin PBXNativeTarget section */
		6205355427F7636000B86B6E /* WeatherApp */ = {
			isa = PBXNativeTarget;
			buildConfigurationList = 6205357F27F7636100B86B6E /* Build configuration list for PBXNativeTarget "WeatherApp" */;
			buildPhases = (
				6205355127F7636000B86B6E /* Sources */,
				6205358827F7668F00B86B6E /* SwiftLint */,
				6205355227F7636000B86B6E /* Frameworks */,
				6205355327F7636000B86B6E /* Resources */,
			);
			buildRules = (
			);
			dependencies = (
			);
			name = WeatherApp;
			packageProductDependencies = (
				6275AC9327F85B21001EB1AA /* SnapKit */,
			);
			productName = WeatherApp;
			productReference = 6205355527F7636000B86B6E /* WeatherApp.app */;
			productType = "com.apple.product-type.application";
		};
		6205356A27F7636100B86B6E /* WeatherAppTests */ = {
			isa = PBXNativeTarget;
			buildConfigurationList = 6205358227F7636100B86B6E /* Build configuration list for PBXNativeTarget "WeatherAppTests" */;
			buildPhases = (
				6205356727F7636100B86B6E /* Sources */,
				6205356827F7636100B86B6E /* Frameworks */,
				6205356927F7636100B86B6E /* Resources */,
			);
			buildRules = (
			);
			dependencies = (
				6205356D27F7636100B86B6E /* PBXTargetDependency */,
			);
			name = WeatherAppTests;
			productName = WeatherAppTests;
			productReference = 6205356B27F7636100B86B6E /* WeatherAppTests.xctest */;
			productType = "com.apple.product-type.bundle.unit-test";
		};
		6205357427F7636100B86B6E /* WeatherAppUITests */ = {
			isa = PBXNativeTarget;
			buildConfigurationList = 6205358527F7636100B86B6E /* Build configuration list for PBXNativeTarget "WeatherAppUITests" */;
			buildPhases = (
				6205357127F7636100B86B6E /* Sources */,
				6205357227F7636100B86B6E /* Frameworks */,
				6205357327F7636100B86B6E /* Resources */,
			);
			buildRules = (
			);
			dependencies = (
				6205357727F7636100B86B6E /* PBXTargetDependency */,
			);
			name = WeatherAppUITests;
			productName = WeatherAppUITests;
			productReference = 6205357527F7636100B86B6E /* WeatherAppUITests.xctest */;
			productType = "com.apple.product-type.bundle.ui-testing";
		};
/* End PBXNativeTarget section */

/* Begin PBXProject section */
		6205354D27F7636000B86B6E /* Project object */ = {
			isa = PBXProject;
			attributes = {
				BuildIndependentTargetsInParallel = 1;
				LastSwiftUpdateCheck = 1330;
				LastUpgradeCheck = 1330;
				TargetAttributes = {
					6205355427F7636000B86B6E = {
						CreatedOnToolsVersion = 13.3;
					};
					6205356A27F7636100B86B6E = {
						CreatedOnToolsVersion = 13.3;
						TestTargetID = 6205355427F7636000B86B6E;
					};
					6205357427F7636100B86B6E = {
						CreatedOnToolsVersion = 13.3;
						TestTargetID = 6205355427F7636000B86B6E;
					};
				};
			};
			buildConfigurationList = 6205355027F7636000B86B6E /* Build configuration list for PBXProject "WeatherApp" */;
			compatibilityVersion = "Xcode 13.0";
			developmentRegion = en;
			hasScannedForEncodings = 0;
			knownRegions = (
				en,
				Base,
			);
			mainGroup = 6205354C27F7636000B86B6E;
			packageReferences = (
				6275AC9227F85B21001EB1AA /* XCRemoteSwiftPackageReference "SnapKit" */,
			);
			productRefGroup = 6205355627F7636000B86B6E /* Products */;
			projectDirPath = "";
			projectRoot = "";
			targets = (
				6205355427F7636000B86B6E /* WeatherApp */,
				6205356A27F7636100B86B6E /* WeatherAppTests */,
				6205357427F7636100B86B6E /* WeatherAppUITests */,
			);
		};
/* End PBXProject section */

/* Begin PBXResourcesBuildPhase section */
		6205355327F7636000B86B6E /* Resources */ = {
			isa = PBXResourcesBuildPhase;
			buildActionMask = 2147483647;
			files = (
				6205356527F7636100B86B6E /* LaunchScreen.storyboard in Resources */,
				623BE25A27F87C5F0043677A /* Image.xcassets in Resources */,
				623BE25D27F87D440043677A /* Color.xcassets in Resources */,
				623BE25F27F87EA50043677A /* Localizable.strings in Resources */,
				6205356227F7636100B86B6E /* Icon.xcassets in Resources */,
			);
			runOnlyForDeploymentPostprocessing = 0;
		};
		6205356927F7636100B86B6E /* Resources */ = {
			isa = PBXResourcesBuildPhase;
			buildActionMask = 2147483647;
			files = (
			);
			runOnlyForDeploymentPostprocessing = 0;
		};
		6205357327F7636100B86B6E /* Resources */ = {
			isa = PBXResourcesBuildPhase;
			buildActionMask = 2147483647;
			files = (
			);
			runOnlyForDeploymentPostprocessing = 0;
		};
/* End PBXResourcesBuildPhase section */

/* Begin PBXShellScriptBuildPhase section */
		6205358827F7668F00B86B6E /* SwiftLint */ = {
			isa = PBXShellScriptBuildPhase;
			buildActionMask = 2147483647;
			files = (
			);
			inputFileListPaths = (
			);
			inputPaths = (
			);
			name = SwiftLint;
			outputFileListPaths = (
			);
			outputPaths = (
			);
			runOnlyForDeploymentPostprocessing = 0;
			shellPath = /bin/sh;
			shellScript = "# /opt/homebrew/bin/ is where my SwiftLint package is installed\nif test -d \"/opt/homebrew/bin/\"; then\n  PATH=\"/opt/homebrew/bin/:${PATH}\"\nfi\n\nexport PATH\n\nif which swiftlint >/dev/null; then\n  swiftlint\nelse\n  echo \"warning: SwiftLint not installed, download from https://github.com/realm/SwiftLint\"\nfi\n";
		};
/* End PBXShellScriptBuildPhase section */

/* Begin PBXSourcesBuildPhase section */
		6205355127F7636000B86B6E /* Sources */ = {
			isa = PBXSourcesBuildPhase;
			buildActionMask = 2147483647;
			files = (
				62233D8627FA12DE0029358A /* UICollectionViewCell.swift in Sources */,
				6205358A27F8316C00B86B6E /* Coordinator.swift in Sources */,
				623BE26727F87F820043677A /* Assets+System.swift in Sources */,
				623BE25427F874A70043677A /* WAGradientView.swift in Sources */,
				62233D8127FA04630029358A /* WACImageLabel.swift in Sources */,
				6275ACC127F86053001EB1AA /* WeatherViewController.swift in Sources */,
				6275AC8927F83C88001EB1AA /* MainCoordinator.swift in Sources */,
				6205355927F7636000B86B6E /* AppDelegate.swift in Sources */,
				62233D7D27F9FEBB0029358A /* WAFont.swift in Sources */,
				623BE26527F87EDC0043677A /* Localized.swift in Sources */,
				6275AC8B27F83C91001EB1AA /* TabBarCoordinator.swift in Sources */,
				6275ACC327F871F6001EB1AA /* LocationViewController.swift in Sources */,
				6275AC8F27F83CA1001EB1AA /* LocationCoordinator.swift in Sources */,
				623BE26427F87EDC0043677A /* Assets.swift in Sources */,
				6275ACBF27F85FCF001EB1AA /* WAScrollViewController.swift in Sources */,
				623BE25627F874E70043677A /* WAConstant.swift in Sources */,
				6205355B27F7636000B86B6E /* SceneDelegate.swift in Sources */,
				6275AC8D27F83C9B001EB1AA /* WeatherCoordinator.swift in Sources */,
			);
			runOnlyForDeploymentPostprocessing = 0;
		};
		6205356727F7636100B86B6E /* Sources */ = {
			isa = PBXSourcesBuildPhase;
			buildActionMask = 2147483647;
			files = (
				6205357027F7636100B86B6E /* WeatherAppTests.swift in Sources */,
			);
			runOnlyForDeploymentPostprocessing = 0;
		};
		6205357127F7636100B86B6E /* Sources */ = {
			isa = PBXSourcesBuildPhase;
			buildActionMask = 2147483647;
			files = (
				6205357A27F7636100B86B6E /* WeatherAppUITests.swift in Sources */,
				6205357C27F7636100B86B6E /* WeatherAppUITestsLaunchTests.swift in Sources */,
			);
			runOnlyForDeploymentPostprocessing = 0;
		};
/* End PBXSourcesBuildPhase section */

/* Begin PBXTargetDependency section */
		6205356D27F7636100B86B6E /* PBXTargetDependency */ = {
			isa = PBXTargetDependency;
			target = 6205355427F7636000B86B6E /* WeatherApp */;
			targetProxy = 6205356C27F7636100B86B6E /* PBXContainerItemProxy */;
		};
		6205357727F7636100B86B6E /* PBXTargetDependency */ = {
			isa = PBXTargetDependency;
			target = 6205355427F7636000B86B6E /* WeatherApp */;
			targetProxy = 6205357627F7636100B86B6E /* PBXContainerItemProxy */;
		};
/* End PBXTargetDependency section */

/* Begin PBXVariantGroup section */
		6205356327F7636100B86B6E /* LaunchScreen.storyboard */ = {
			isa = PBXVariantGroup;
			children = (
				6205356427F7636100B86B6E /* Base */,
			);
			name = LaunchScreen.storyboard;
			sourceTree = "<group>";
		};
		623BE26127F87EA50043677A /* Localizable.strings */ = {
			isa = PBXVariantGroup;
			children = (
				623BE26027F87EA50043677A /* en */,
			);
			name = Localizable.strings;
			sourceTree = "<group>";
		};
/* End PBXVariantGroup section */

/* Begin XCBuildConfiguration section */
		6205357D27F7636100B86B6E /* Debug */ = {
			isa = XCBuildConfiguration;
			buildSettings = {
				ALWAYS_SEARCH_USER_PATHS = NO;
				CLANG_ANALYZER_NONNULL = YES;
				CLANG_ANALYZER_NUMBER_OBJECT_CONVERSION = YES_AGGRESSIVE;
				CLANG_CXX_LANGUAGE_STANDARD = "gnu++17";
				CLANG_ENABLE_MODULES = YES;
				CLANG_ENABLE_OBJC_ARC = YES;
				CLANG_ENABLE_OBJC_WEAK = YES;
				CLANG_WARN_BLOCK_CAPTURE_AUTORELEASING = YES;
				CLANG_WARN_BOOL_CONVERSION = YES;
				CLANG_WARN_COMMA = YES;
				CLANG_WARN_CONSTANT_CONVERSION = YES;
				CLANG_WARN_DEPRECATED_OBJC_IMPLEMENTATIONS = YES;
				CLANG_WARN_DIRECT_OBJC_ISA_USAGE = YES_ERROR;
				CLANG_WARN_DOCUMENTATION_COMMENTS = YES;
				CLANG_WARN_EMPTY_BODY = YES;
				CLANG_WARN_ENUM_CONVERSION = YES;
				CLANG_WARN_INFINITE_RECURSION = YES;
				CLANG_WARN_INT_CONVERSION = YES;
				CLANG_WARN_NON_LITERAL_NULL_CONVERSION = YES;
				CLANG_WARN_OBJC_IMPLICIT_RETAIN_SELF = YES;
				CLANG_WARN_OBJC_LITERAL_CONVERSION = YES;
				CLANG_WARN_OBJC_ROOT_CLASS = YES_ERROR;
				CLANG_WARN_QUOTED_INCLUDE_IN_FRAMEWORK_HEADER = YES;
				CLANG_WARN_RANGE_LOOP_ANALYSIS = YES;
				CLANG_WARN_STRICT_PROTOTYPES = YES;
				CLANG_WARN_SUSPICIOUS_MOVE = YES;
				CLANG_WARN_UNGUARDED_AVAILABILITY = YES_AGGRESSIVE;
				CLANG_WARN_UNREACHABLE_CODE = YES;
				CLANG_WARN__DUPLICATE_METHOD_MATCH = YES;
				COPY_PHASE_STRIP = NO;
				DEBUG_INFORMATION_FORMAT = dwarf;
				ENABLE_STRICT_OBJC_MSGSEND = YES;
				ENABLE_TESTABILITY = YES;
				GCC_C_LANGUAGE_STANDARD = gnu11;
				GCC_DYNAMIC_NO_PIC = NO;
				GCC_NO_COMMON_BLOCKS = YES;
				GCC_OPTIMIZATION_LEVEL = 0;
				GCC_PREPROCESSOR_DEFINITIONS = (
					"DEBUG=1",
					"$(inherited)",
				);
				GCC_WARN_64_TO_32_BIT_CONVERSION = YES;
				GCC_WARN_ABOUT_RETURN_TYPE = YES_ERROR;
				GCC_WARN_UNDECLARED_SELECTOR = YES;
				GCC_WARN_UNINITIALIZED_AUTOS = YES_AGGRESSIVE;
				GCC_WARN_UNUSED_FUNCTION = YES;
				GCC_WARN_UNUSED_VARIABLE = YES;
				IPHONEOS_DEPLOYMENT_TARGET = 14.0;
				MTL_ENABLE_DEBUG_INFO = INCLUDE_SOURCE;
				MTL_FAST_MATH = YES;
				ONLY_ACTIVE_ARCH = YES;
				SDKROOT = iphoneos;
				SWIFT_ACTIVE_COMPILATION_CONDITIONS = DEBUG;
				SWIFT_OPTIMIZATION_LEVEL = "-Onone";
			};
			name = Debug;
		};
		6205357E27F7636100B86B6E /* Release */ = {
			isa = XCBuildConfiguration;
			buildSettings = {
				ALWAYS_SEARCH_USER_PATHS = NO;
				CLANG_ANALYZER_NONNULL = YES;
				CLANG_ANALYZER_NUMBER_OBJECT_CONVERSION = YES_AGGRESSIVE;
				CLANG_CXX_LANGUAGE_STANDARD = "gnu++17";
				CLANG_ENABLE_MODULES = YES;
				CLANG_ENABLE_OBJC_ARC = YES;
				CLANG_ENABLE_OBJC_WEAK = YES;
				CLANG_WARN_BLOCK_CAPTURE_AUTORELEASING = YES;
				CLANG_WARN_BOOL_CONVERSION = YES;
				CLANG_WARN_COMMA = YES;
				CLANG_WARN_CONSTANT_CONVERSION = YES;
				CLANG_WARN_DEPRECATED_OBJC_IMPLEMENTATIONS = YES;
				CLANG_WARN_DIRECT_OBJC_ISA_USAGE = YES_ERROR;
				CLANG_WARN_DOCUMENTATION_COMMENTS = YES;
				CLANG_WARN_EMPTY_BODY = YES;
				CLANG_WARN_ENUM_CONVERSION = YES;
				CLANG_WARN_INFINITE_RECURSION = YES;
				CLANG_WARN_INT_CONVERSION = YES;
				CLANG_WARN_NON_LITERAL_NULL_CONVERSION = YES;
				CLANG_WARN_OBJC_IMPLICIT_RETAIN_SELF = YES;
				CLANG_WARN_OBJC_LITERAL_CONVERSION = YES;
				CLANG_WARN_OBJC_ROOT_CLASS = YES_ERROR;
				CLANG_WARN_QUOTED_INCLUDE_IN_FRAMEWORK_HEADER = YES;
				CLANG_WARN_RANGE_LOOP_ANALYSIS = YES;
				CLANG_WARN_STRICT_PROTOTYPES = YES;
				CLANG_WARN_SUSPICIOUS_MOVE = YES;
				CLANG_WARN_UNGUARDED_AVAILABILITY = YES_AGGRESSIVE;
				CLANG_WARN_UNREACHABLE_CODE = YES;
				CLANG_WARN__DUPLICATE_METHOD_MATCH = YES;
				COPY_PHASE_STRIP = NO;
				DEBUG_INFORMATION_FORMAT = "dwarf-with-dsym";
				ENABLE_NS_ASSERTIONS = NO;
				ENABLE_STRICT_OBJC_MSGSEND = YES;
				GCC_C_LANGUAGE_STANDARD = gnu11;
				GCC_NO_COMMON_BLOCKS = YES;
				GCC_WARN_64_TO_32_BIT_CONVERSION = YES;
				GCC_WARN_ABOUT_RETURN_TYPE = YES_ERROR;
				GCC_WARN_UNDECLARED_SELECTOR = YES;
				GCC_WARN_UNINITIALIZED_AUTOS = YES_AGGRESSIVE;
				GCC_WARN_UNUSED_FUNCTION = YES;
				GCC_WARN_UNUSED_VARIABLE = YES;
				IPHONEOS_DEPLOYMENT_TARGET = 14.0;
				MTL_ENABLE_DEBUG_INFO = NO;
				MTL_FAST_MATH = YES;
				SDKROOT = iphoneos;
				SWIFT_COMPILATION_MODE = wholemodule;
				SWIFT_OPTIMIZATION_LEVEL = "-O";
				VALIDATE_PRODUCT = YES;
			};
			name = Release;
		};
		6205358027F7636100B86B6E /* Debug */ = {
			isa = XCBuildConfiguration;
			buildSettings = {
				ASSETCATALOG_COMPILER_APPICON_NAME = AppIcon;
				ASSETCATALOG_COMPILER_GLOBAL_ACCENT_COLOR_NAME = AccentColor;
				CODE_SIGN_STYLE = Automatic;
				CURRENT_PROJECT_VERSION = 1;
				DEVELOPMENT_TEAM = 56HKK59Z37;
				GENERATE_INFOPLIST_FILE = YES;
				INFOPLIST_FILE = WeatherApp/Info.plist;
				INFOPLIST_KEY_UIApplicationSupportsIndirectInputEvents = YES;
				INFOPLIST_KEY_UILaunchStoryboardName = LaunchScreen;
				INFOPLIST_KEY_UIMainStoryboardFile = LaunchScreen;
				INFOPLIST_KEY_UISupportedInterfaceOrientations_iPad = "UIInterfaceOrientationPortrait UIInterfaceOrientationPortraitUpsideDown UIInterfaceOrientationLandscapeLeft UIInterfaceOrientationLandscapeRight";
				INFOPLIST_KEY_UISupportedInterfaceOrientations_iPhone = "UIInterfaceOrientationPortrait UIInterfaceOrientationLandscapeLeft UIInterfaceOrientationLandscapeRight";
				IPHONEOS_DEPLOYMENT_TARGET = 14.0;
				LD_RUNPATH_SEARCH_PATHS = (
					"$(inherited)",
					"@executable_path/Frameworks",
				);
				MARKETING_VERSION = 1.0;
				PRODUCT_BUNDLE_IDENTIFIER = com.turix.WeatherApp;
				PRODUCT_NAME = "$(TARGET_NAME)";
				SWIFT_EMIT_LOC_STRINGS = YES;
				SWIFT_VERSION = 5.0;
				TARGETED_DEVICE_FAMILY = "1,2";
			};
			name = Debug;
		};
		6205358127F7636100B86B6E /* Release */ = {
			isa = XCBuildConfiguration;
			buildSettings = {
				ASSETCATALOG_COMPILER_APPICON_NAME = AppIcon;
				ASSETCATALOG_COMPILER_GLOBAL_ACCENT_COLOR_NAME = AccentColor;
				CODE_SIGN_STYLE = Automatic;
				CURRENT_PROJECT_VERSION = 1;
				DEVELOPMENT_TEAM = 56HKK59Z37;
				GENERATE_INFOPLIST_FILE = YES;
				INFOPLIST_FILE = WeatherApp/Info.plist;
				INFOPLIST_KEY_UIApplicationSupportsIndirectInputEvents = YES;
				INFOPLIST_KEY_UILaunchStoryboardName = LaunchScreen;
				INFOPLIST_KEY_UIMainStoryboardFile = LaunchScreen;
				INFOPLIST_KEY_UISupportedInterfaceOrientations_iPad = "UIInterfaceOrientationPortrait UIInterfaceOrientationPortraitUpsideDown UIInterfaceOrientationLandscapeLeft UIInterfaceOrientationLandscapeRight";
				INFOPLIST_KEY_UISupportedInterfaceOrientations_iPhone = "UIInterfaceOrientationPortrait UIInterfaceOrientationLandscapeLeft UIInterfaceOrientationLandscapeRight";
				IPHONEOS_DEPLOYMENT_TARGET = 14.0;
				LD_RUNPATH_SEARCH_PATHS = (
					"$(inherited)",
					"@executable_path/Frameworks",
				);
				MARKETING_VERSION = 1.0;
				PRODUCT_BUNDLE_IDENTIFIER = com.turix.WeatherApp;
				PRODUCT_NAME = "$(TARGET_NAME)";
				SWIFT_EMIT_LOC_STRINGS = YES;
				SWIFT_VERSION = 5.0;
				TARGETED_DEVICE_FAMILY = "1,2";
			};
			name = Release;
		};
		6205358327F7636100B86B6E /* Debug */ = {
			isa = XCBuildConfiguration;
			buildSettings = {
				ALWAYS_EMBED_SWIFT_STANDARD_LIBRARIES = YES;
				BUNDLE_LOADER = "$(TEST_HOST)";
				CODE_SIGN_STYLE = Automatic;
				CURRENT_PROJECT_VERSION = 1;
				DEVELOPMENT_TEAM = 56HKK59Z37;
				GENERATE_INFOPLIST_FILE = YES;
				IPHONEOS_DEPLOYMENT_TARGET = 14.0;
				MARKETING_VERSION = 1.0;
				PRODUCT_BUNDLE_IDENTIFIER = com.turix.WeatherAppTests;
				PRODUCT_NAME = "$(TARGET_NAME)";
				SWIFT_EMIT_LOC_STRINGS = NO;
				SWIFT_VERSION = 5.0;
				TARGETED_DEVICE_FAMILY = "1,2";
				TEST_HOST = "$(BUILT_PRODUCTS_DIR)/WeatherApp.app/WeatherApp";
			};
			name = Debug;
		};
		6205358427F7636100B86B6E /* Release */ = {
			isa = XCBuildConfiguration;
			buildSettings = {
				ALWAYS_EMBED_SWIFT_STANDARD_LIBRARIES = YES;
				BUNDLE_LOADER = "$(TEST_HOST)";
				CODE_SIGN_STYLE = Automatic;
				CURRENT_PROJECT_VERSION = 1;
				DEVELOPMENT_TEAM = 56HKK59Z37;
				GENERATE_INFOPLIST_FILE = YES;
				IPHONEOS_DEPLOYMENT_TARGET = 14.0;
				MARKETING_VERSION = 1.0;
				PRODUCT_BUNDLE_IDENTIFIER = com.turix.WeatherAppTests;
				PRODUCT_NAME = "$(TARGET_NAME)";
				SWIFT_EMIT_LOC_STRINGS = NO;
				SWIFT_VERSION = 5.0;
				TARGETED_DEVICE_FAMILY = "1,2";
				TEST_HOST = "$(BUILT_PRODUCTS_DIR)/WeatherApp.app/WeatherApp";
			};
			name = Release;
		};
		6205358627F7636100B86B6E /* Debug */ = {
			isa = XCBuildConfiguration;
			buildSettings = {
				ALWAYS_EMBED_SWIFT_STANDARD_LIBRARIES = YES;
				CODE_SIGN_STYLE = Automatic;
				CURRENT_PROJECT_VERSION = 1;
				DEVELOPMENT_TEAM = 56HKK59Z37;
				GENERATE_INFOPLIST_FILE = YES;
				MARKETING_VERSION = 1.0;
				PRODUCT_BUNDLE_IDENTIFIER = com.turix.WeatherAppUITests;
				PRODUCT_NAME = "$(TARGET_NAME)";
				SWIFT_EMIT_LOC_STRINGS = NO;
				SWIFT_VERSION = 5.0;
				TARGETED_DEVICE_FAMILY = "1,2";
				TEST_TARGET_NAME = WeatherApp;
			};
			name = Debug;
		};
		6205358727F7636100B86B6E /* Release */ = {
			isa = XCBuildConfiguration;
			buildSettings = {
				ALWAYS_EMBED_SWIFT_STANDARD_LIBRARIES = YES;
				CODE_SIGN_STYLE = Automatic;
				CURRENT_PROJECT_VERSION = 1;
				DEVELOPMENT_TEAM = 56HKK59Z37;
				GENERATE_INFOPLIST_FILE = YES;
				MARKETING_VERSION = 1.0;
				PRODUCT_BUNDLE_IDENTIFIER = com.turix.WeatherAppUITests;
				PRODUCT_NAME = "$(TARGET_NAME)";
				SWIFT_EMIT_LOC_STRINGS = NO;
				SWIFT_VERSION = 5.0;
				TARGETED_DEVICE_FAMILY = "1,2";
				TEST_TARGET_NAME = WeatherApp;
			};
			name = Release;
		};
/* End XCBuildConfiguration section */

/* Begin XCConfigurationList section */
		6205355027F7636000B86B6E /* Build configuration list for PBXProject "WeatherApp" */ = {
			isa = XCConfigurationList;
			buildConfigurations = (
				6205357D27F7636100B86B6E /* Debug */,
				6205357E27F7636100B86B6E /* Release */,
			);
			defaultConfigurationIsVisible = 0;
			defaultConfigurationName = Release;
		};
		6205357F27F7636100B86B6E /* Build configuration list for PBXNativeTarget "WeatherApp" */ = {
			isa = XCConfigurationList;
			buildConfigurations = (
				6205358027F7636100B86B6E /* Debug */,
				6205358127F7636100B86B6E /* Release */,
			);
			defaultConfigurationIsVisible = 0;
			defaultConfigurationName = Release;
		};
		6205358227F7636100B86B6E /* Build configuration list for PBXNativeTarget "WeatherAppTests" */ = {
			isa = XCConfigurationList;
			buildConfigurations = (
				6205358327F7636100B86B6E /* Debug */,
				6205358427F7636100B86B6E /* Release */,
			);
			defaultConfigurationIsVisible = 0;
			defaultConfigurationName = Release;
		};
		6205358527F7636100B86B6E /* Build configuration list for PBXNativeTarget "WeatherAppUITests" */ = {
			isa = XCConfigurationList;
			buildConfigurations = (
				6205358627F7636100B86B6E /* Debug */,
				6205358727F7636100B86B6E /* Release */,
			);
			defaultConfigurationIsVisible = 0;
			defaultConfigurationName = Release;
		};
/* End XCConfigurationList section */

/* Begin XCRemoteSwiftPackageReference section */
		6275AC9227F85B21001EB1AA /* XCRemoteSwiftPackageReference "SnapKit" */ = {
			isa = XCRemoteSwiftPackageReference;
			repositoryURL = "https://github.com/SnapKit/SnapKit";
			requirement = {
				kind = upToNextMajorVersion;
				minimumVersion = 5.0.0;
			};
		};
/* End XCRemoteSwiftPackageReference section */

/* Begin XCSwiftPackageProductDependency section */
		6275AC9327F85B21001EB1AA /* SnapKit */ = {
			isa = XCSwiftPackageProductDependency;
			package = 6275AC9227F85B21001EB1AA /* XCRemoteSwiftPackageReference "SnapKit" */;
			productName = SnapKit;
		};
/* End XCSwiftPackageProductDependency section */
	};
	rootObject = 6205354D27F7636000B86B6E /* Project object */;
}
